// !$*UTF8*$!
{
	archiveVersion = 1;
	classes = {
	};
	objectVersion = 46;
	objects = {

/* Begin PBXBuildFile section */
		CB441FFF1DFE9A1000307CFF /* calculatorTests.swift in Sources */ = {isa = PBXBuildFile; fileRef = CB441FFE1DFE9A1000307CFF /* calculatorTests.swift */; };
		CB4420071DFEB4E000307CFF /* operations.swift in Sources */ = {isa = PBXBuildFile; fileRef = CB4420061DFEB4E000307CFF /* operations.swift */; };
		CB93B91B1E2E536900160819 /* extensions.swift in Sources */ = {isa = PBXBuildFile; fileRef = CB93B91A1E2E536900160819 /* extensions.swift */; };
		CBA354731E02C1E200634E9C /* AppDelegate.swift in Sources */ = {isa = PBXBuildFile; fileRef = E74E81931DD1FD210046E0DB /* AppDelegate.swift */; };
		CBA354741E02C1E800634E9C /* operations.swift in Sources */ = {isa = PBXBuildFile; fileRef = CB4420061DFEB4E000307CFF /* operations.swift */; };
		CBA354751E02C1F000634E9C /* ViewController.swift in Sources */ = {isa = PBXBuildFile; fileRef = E74E81951DD1FD210046E0DB /* ViewController.swift */; };
		E74E81941DD1FD210046E0DB /* AppDelegate.swift in Sources */ = {isa = PBXBuildFile; fileRef = E74E81931DD1FD210046E0DB /* AppDelegate.swift */; };
		E74E81961DD1FD210046E0DB /* ViewController.swift in Sources */ = {isa = PBXBuildFile; fileRef = E74E81951DD1FD210046E0DB /* ViewController.swift */; };
		E74E81991DD1FD210046E0DB /* Main.storyboard in Resources */ = {isa = PBXBuildFile; fileRef = E74E81971DD1FD210046E0DB /* Main.storyboard */; };
		E74E819B1DD1FD220046E0DB /* Assets.xcassets in Resources */ = {isa = PBXBuildFile; fileRef = E74E819A1DD1FD220046E0DB /* Assets.xcassets */; };
		E74E819E1DD1FD220046E0DB /* LaunchScreen.storyboard in Resources */ = {isa = PBXBuildFile; fileRef = E74E819C1DD1FD220046E0DB /* LaunchScreen.storyboard */; };
		E74E81B41DD1FD220046E0DB /* calculatorUITests.swift in Sources */ = {isa = PBXBuildFile; fileRef = E74E81B31DD1FD220046E0DB /* calculatorUITests.swift */; };
/* End PBXBuildFile section */

/* Begin PBXContainerItemProxy section */
		CB4420011DFE9A1000307CFF /* PBXContainerItemProxy */ = {
			isa = PBXContainerItemProxy;
			containerPortal = E74E81881DD1FD210046E0DB /* Project object */;
			proxyType = 1;
			remoteGlobalIDString = E74E818F1DD1FD210046E0DB;
			remoteInfo = calculator;
		};
		E74E81B01DD1FD220046E0DB /* PBXContainerItemProxy */ = {
			isa = PBXContainerItemProxy;
			containerPortal = E74E81881DD1FD210046E0DB /* Project object */;
			proxyType = 1;
			remoteGlobalIDString = E74E818F1DD1FD210046E0DB;
			remoteInfo = calculator;
		};
/* End PBXContainerItemProxy section */

/* Begin PBXFileReference section */
		CB441FFC1DFE9A1000307CFF /* calculatorTests.xctest */ = {isa = PBXFileReference; explicitFileType = wrapper.cfbundle; includeInIndex = 0; path = calculatorTests.xctest; sourceTree = BUILT_PRODUCTS_DIR; };
		CB441FFE1DFE9A1000307CFF /* calculatorTests.swift */ = {isa = PBXFileReference; lastKnownFileType = sourcecode.swift; path = calculatorTests.swift; sourceTree = "<group>"; };
		CB4420001DFE9A1000307CFF /* Info.plist */ = {isa = PBXFileReference; lastKnownFileType = text.plist.xml; path = Info.plist; sourceTree = "<group>"; };
		CB4420061DFEB4E000307CFF /* operations.swift */ = {isa = PBXFileReference; fileEncoding = 4; lastKnownFileType = sourcecode.swift; path = operations.swift; sourceTree = "<group>"; };
		CB6177DF1DEC35B0009432A7 /* calculator */ = {isa = PBXFileReference; lastKnownFileType = folder; path = calculator; sourceTree = "<group>"; };
		CB93B91A1E2E536900160819 /* extensions.swift */ = {isa = PBXFileReference; fileEncoding = 4; lastKnownFileType = sourcecode.swift; path = extensions.swift; sourceTree = "<group>"; };
		E74E81901DD1FD210046E0DB /* calculator.app */ = {isa = PBXFileReference; explicitFileType = wrapper.application; includeInIndex = 0; path = calculator.app; sourceTree = BUILT_PRODUCTS_DIR; };
		E74E81931DD1FD210046E0DB /* AppDelegate.swift */ = {isa = PBXFileReference; lastKnownFileType = sourcecode.swift; path = AppDelegate.swift; sourceTree = "<group>"; };
		E74E81951DD1FD210046E0DB /* ViewController.swift */ = {isa = PBXFileReference; lastKnownFileType = sourcecode.swift; path = ViewController.swift; sourceTree = "<group>"; };
		E74E81981DD1FD210046E0DB /* Base */ = {isa = PBXFileReference; lastKnownFileType = file.storyboard; name = Base; path = Base.lproj/Main.storyboard; sourceTree = "<group>"; };
		E74E819A1DD1FD220046E0DB /* Assets.xcassets */ = {isa = PBXFileReference; lastKnownFileType = folder.assetcatalog; path = Assets.xcassets; sourceTree = "<group>"; };
		E74E819D1DD1FD220046E0DB /* Base */ = {isa = PBXFileReference; lastKnownFileType = file.storyboard; name = Base; path = Base.lproj/LaunchScreen.storyboard; sourceTree = "<group>"; };
		E74E819F1DD1FD220046E0DB /* Info.plist */ = {isa = PBXFileReference; lastKnownFileType = text.plist.xml; path = Info.plist; sourceTree = "<group>"; };
		E74E81AF1DD1FD220046E0DB /* calculatorUITests.xctest */ = {isa = PBXFileReference; explicitFileType = wrapper.cfbundle; includeInIndex = 0; path = calculatorUITests.xctest; sourceTree = BUILT_PRODUCTS_DIR; };
		E74E81B31DD1FD220046E0DB /* calculatorUITests.swift */ = {isa = PBXFileReference; lastKnownFileType = sourcecode.swift; path = calculatorUITests.swift; sourceTree = "<group>"; };
		E74E81B51DD1FD220046E0DB /* Info.plist */ = {isa = PBXFileReference; lastKnownFileType = text.plist.xml; path = Info.plist; sourceTree = "<group>"; };
/* End PBXFileReference section */

/* Begin PBXFrameworksBuildPhase section */
		CB441FF91DFE9A1000307CFF /* Frameworks */ = {
			isa = PBXFrameworksBuildPhase;
			buildActionMask = 2147483647;
			files = (
			);
			runOnlyForDeploymentPostprocessing = 0;
		};
		E74E818D1DD1FD210046E0DB /* Frameworks */ = {
			isa = PBXFrameworksBuildPhase;
			buildActionMask = 2147483647;
			files = (
			);
			runOnlyForDeploymentPostprocessing = 0;
		};
		E74E81AC1DD1FD220046E0DB /* Frameworks */ = {
			isa = PBXFrameworksBuildPhase;
			buildActionMask = 2147483647;
			files = (
			);
			runOnlyForDeploymentPostprocessing = 0;
		};
/* End PBXFrameworksBuildPhase section */

/* Begin PBXGroup section */
		1FAC6B2DA629257EE08EAD68 /* Frameworks */ = {
			isa = PBXGroup;
			children = (
				CB6177DF1DEC35B0009432A7 /* calculator */,
			);
			name = Frameworks;
			sourceTree = "<group>";
		};
		CB441FFD1DFE9A1000307CFF /* calculatorTests */ = {
			isa = PBXGroup;
			children = (
				CB441FFE1DFE9A1000307CFF /* calculatorTests.swift */,
				CB4420001DFE9A1000307CFF /* Info.plist */,
			);
			path = calculatorTests;
			sourceTree = "<group>";
		};
		E74E81871DD1FD210046E0DB = {
			isa = PBXGroup;
			children = (
				E74E81921DD1FD210046E0DB /* calculator */,
				E74E81B21DD1FD220046E0DB /* calculatorUITests */,
				CB441FFD1DFE9A1000307CFF /* calculatorTests */,
				E74E81911DD1FD210046E0DB /* Products */,
				1FAC6B2DA629257EE08EAD68 /* Frameworks */,
			);
			sourceTree = "<group>";
		};
		E74E81911DD1FD210046E0DB /* Products */ = {
			isa = PBXGroup;
			children = (
				E74E81901DD1FD210046E0DB /* calculator.app */,
				E74E81AF1DD1FD220046E0DB /* calculatorUITests.xctest */,
				CB441FFC1DFE9A1000307CFF /* calculatorTests.xctest */,
			);
			name = Products;
			sourceTree = "<group>";
		};
		E74E81921DD1FD210046E0DB /* calculator */ = {
			isa = PBXGroup;
			children = (
				E74E81931DD1FD210046E0DB /* AppDelegate.swift */,
				CB4420061DFEB4E000307CFF /* operations.swift */,
				E74E81951DD1FD210046E0DB /* ViewController.swift */,
				E74E81971DD1FD210046E0DB /* Main.storyboard */,
				E74E819A1DD1FD220046E0DB /* Assets.xcassets */,
				E74E819C1DD1FD220046E0DB /* LaunchScreen.storyboard */,
				E74E819F1DD1FD220046E0DB /* Info.plist */,
			);
			path = calculator;
			sourceTree = "<group>";
		};
		E74E81B21DD1FD220046E0DB /* calculatorUITests */ = {
			isa = PBXGroup;
			children = (
				E74E81B31DD1FD220046E0DB /* calculatorUITests.swift */,
				E74E81B51DD1FD220046E0DB /* Info.plist */,
				CB93B91A1E2E536900160819 /* extensions.swift */,
			);
			path = calculatorUITests;
			sourceTree = "<group>";
		};
/* End PBXGroup section */

/* Begin PBXNativeTarget section */
		CB441FFB1DFE9A1000307CFF /* calculatorTests */ = {
			isa = PBXNativeTarget;
			buildConfigurationList = CB4420031DFE9A1000307CFF /* Build configuration list for PBXNativeTarget "calculatorTests" */;
			buildPhases = (
				CB441FF81DFE9A1000307CFF /* Sources */,
				CB441FF91DFE9A1000307CFF /* Frameworks */,
				CB441FFA1DFE9A1000307CFF /* Resources */,
			);
			buildRules = (
			);
			dependencies = (
				CB4420021DFE9A1000307CFF /* PBXTargetDependency */,
			);
			name = calculatorTests;
			productName = calculatorTests;
			productReference = CB441FFC1DFE9A1000307CFF /* calculatorTests.xctest */;
			productType = "com.apple.product-type.bundle.unit-test";
		};
		E74E818F1DD1FD210046E0DB /* calculator */ = {
			isa = PBXNativeTarget;
			buildConfigurationList = E74E81B81DD1FD220046E0DB /* Build configuration list for PBXNativeTarget "calculator" */;
			buildPhases = (
				E74E818C1DD1FD210046E0DB /* Sources */,
				E74E818D1DD1FD210046E0DB /* Frameworks */,
				E74E818E1DD1FD210046E0DB /* Resources */,
			);
			buildRules = (
			);
			dependencies = (
			);
			name = calculator;
			productName = calculator;
			productReference = E74E81901DD1FD210046E0DB /* calculator.app */;
			productType = "com.apple.product-type.application";
		};
		E74E81AE1DD1FD220046E0DB /* calculatorUITests */ = {
			isa = PBXNativeTarget;
			buildConfigurationList = E74E81BE1DD1FD220046E0DB /* Build configuration list for PBXNativeTarget "calculatorUITests" */;
			buildPhases = (
				E74E81AB1DD1FD220046E0DB /* Sources */,
				E74E81AC1DD1FD220046E0DB /* Frameworks */,
				E74E81AD1DD1FD220046E0DB /* Resources */,
			);
			buildRules = (
			);
			dependencies = (
				E74E81B11DD1FD220046E0DB /* PBXTargetDependency */,
			);
			name = calculatorUITests;
			productName = calculatorUITests;
			productReference = E74E81AF1DD1FD220046E0DB /* calculatorUITests.xctest */;
			productType = "com.apple.product-type.bundle.ui-testing";
		};
/* End PBXNativeTarget section */

/* Begin PBXProject section */
		E74E81881DD1FD210046E0DB /* Project object */ = {
			isa = PBXProject;
			attributes = {
				LastSwiftUpdateCheck = 0810;
				LastUpgradeCheck = 0810;
				ORGANIZATIONNAME = "Petri W";
				TargetAttributes = {
					CB441FFB1DFE9A1000307CFF = {
						CreatedOnToolsVersion = 8.1;
						DevelopmentTeam = N9HW7DB6H4;
						LastSwiftMigration = 0820;
						ProvisioningStyle = Automatic;
						TestTargetID = E74E818F1DD1FD210046E0DB;
					};
					E74E818F1DD1FD210046E0DB = {
						CreatedOnToolsVersion = 8.1;
						DevelopmentTeam = N9HW7DB6H4;
						LastSwiftMigration = 0820;
						ProvisioningStyle = Automatic;
					};
					E74E81AE1DD1FD220046E0DB = {
						CreatedOnToolsVersion = 8.1;
						DevelopmentTeam = N9HW7DB6H4;
						ProvisioningStyle = Automatic;
						TestTargetID = E74E818F1DD1FD210046E0DB;
					};
				};
			};
			buildConfigurationList = E74E818B1DD1FD210046E0DB /* Build configuration list for PBXProject "calculator" */;
			compatibilityVersion = "Xcode 3.2";
			developmentRegion = English;
			hasScannedForEncodings = 0;
			knownRegions = (
				en,
				Base,
			);
			mainGroup = E74E81871DD1FD210046E0DB;
			productRefGroup = E74E81911DD1FD210046E0DB /* Products */;
			projectDirPath = "";
			projectRoot = "";
			targets = (
				E74E818F1DD1FD210046E0DB /* calculator */,
				E74E81AE1DD1FD220046E0DB /* calculatorUITests */,
				CB441FFB1DFE9A1000307CFF /* calculatorTests */,
			);
		};
/* End PBXProject section */

/* Begin PBXResourcesBuildPhase section */
		CB441FFA1DFE9A1000307CFF /* Resources */ = {
			isa = PBXResourcesBuildPhase;
			buildActionMask = 2147483647;
			files = (
			);
			runOnlyForDeploymentPostprocessing = 0;
		};
		E74E818E1DD1FD210046E0DB /* Resources */ = {
			isa = PBXResourcesBuildPhase;
			buildActionMask = 2147483647;
			files = (
				E74E819E1DD1FD220046E0DB /* LaunchScreen.storyboard in Resources */,
				E74E819B1DD1FD220046E0DB /* Assets.xcassets in Resources */,
				E74E81991DD1FD210046E0DB /* Main.storyboard in Resources */,
			);
			runOnlyForDeploymentPostprocessing = 0;
		};
		E74E81AD1DD1FD220046E0DB /* Resources */ = {
			isa = PBXResourcesBuildPhase;
			buildActionMask = 2147483647;
			files = (
			);
			runOnlyForDeploymentPostprocessing = 0;
		};
/* End PBXResourcesBuildPhase section */

/* Begin PBXSourcesBuildPhase section */
		CB441FF81DFE9A1000307CFF /* Sources */ = {
			isa = PBXSourcesBuildPhase;
			buildActionMask = 2147483647;
			files = (
				CBA354731E02C1E200634E9C /* AppDelegate.swift in Sources */,
				CBA354741E02C1E800634E9C /* operations.swift in Sources */,
				CBA354751E02C1F000634E9C /* ViewController.swift in Sources */,
				CB441FFF1DFE9A1000307CFF /* calculatorTests.swift in Sources */,
			);
			runOnlyForDeploymentPostprocessing = 0;
		};
		E74E818C1DD1FD210046E0DB /* Sources */ = {
			isa = PBXSourcesBuildPhase;
			buildActionMask = 2147483647;
			files = (
				E74E81961DD1FD210046E0DB /* ViewController.swift in Sources */,
				CB4420071DFEB4E000307CFF /* operations.swift in Sources */,
				E74E81941DD1FD210046E0DB /* AppDelegate.swift in Sources */,
			);
			runOnlyForDeploymentPostprocessing = 0;
		};
		E74E81AB1DD1FD220046E0DB /* Sources */ = {
			isa = PBXSourcesBuildPhase;
			buildActionMask = 2147483647;
			files = (
				E74E81B41DD1FD220046E0DB /* calculatorUITests.swift in Sources */,
				CB93B91B1E2E536900160819 /* extensions.swift in Sources */,
			);
			runOnlyForDeploymentPostprocessing = 0;
		};
/* End PBXSourcesBuildPhase section */

/* Begin PBXTargetDependency section */
		CB4420021DFE9A1000307CFF /* PBXTargetDependency */ = {
			isa = PBXTargetDependency;
			target = E74E818F1DD1FD210046E0DB /* calculator */;
			targetProxy = CB4420011DFE9A1000307CFF /* PBXContainerItemProxy */;
		};
		E74E81B11DD1FD220046E0DB /* PBXTargetDependency */ = {
			isa = PBXTargetDependency;
			target = E74E818F1DD1FD210046E0DB /* calculator */;
			targetProxy = E74E81B01DD1FD220046E0DB /* PBXContainerItemProxy */;
		};
/* End PBXTargetDependency section */

/* Begin PBXVariantGroup section */
		E74E81971DD1FD210046E0DB /* Main.storyboard */ = {
			isa = PBXVariantGroup;
			children = (
				E74E81981DD1FD210046E0DB /* Base */,
			);
			name = Main.storyboard;
			sourceTree = "<group>";
		};
		E74E819C1DD1FD220046E0DB /* LaunchScreen.storyboard */ = {
			isa = PBXVariantGroup;
			children = (
				E74E819D1DD1FD220046E0DB /* Base */,
			);
			name = LaunchScreen.storyboard;
			sourceTree = "<group>";
		};
/* End PBXVariantGroup section */

/* Begin XCBuildConfiguration section */
		CB4420041DFE9A1000307CFF /* Debug */ = {
			isa = XCBuildConfiguration;
			buildSettings = {
				BUNDLE_LOADER = "$(TEST_HOST)";
				DEVELOPMENT_TEAM = N9HW7DB6H4;
				INFOPLIST_FILE = calculatorTests/Info.plist;
				IPHONEOS_DEPLOYMENT_TARGET = 10.0;
				LD_RUNPATH_SEARCH_PATHS = "$(inherited) @executable_path/Frameworks @loader_path/Frameworks";
				PRODUCT_BUNDLE_IDENTIFIER = com.petri.example.calculatorTests;
				PRODUCT_NAME = "$(TARGET_NAME)";
				SWIFT_VERSION = 3.0;
				TARGETED_DEVICE_FAMILY = "1,2";
				TEST_HOST = "$(BUILT_PRODUCTS_DIR)/calculator.app/calculator";
			};
			name = Debug;
		};
		CB4420051DFE9A1000307CFF /* Release */ = {
			isa = XCBuildConfiguration;
			buildSettings = {
				BUNDLE_LOADER = "$(TEST_HOST)";
				DEVELOPMENT_TEAM = N9HW7DB6H4;
				INFOPLIST_FILE = calculatorTests/Info.plist;
				IPHONEOS_DEPLOYMENT_TARGET = 10.0;
				LD_RUNPATH_SEARCH_PATHS = "$(inherited) @executable_path/Frameworks @loader_path/Frameworks";
				PRODUCT_BUNDLE_IDENTIFIER = com.petri.example.calculatorTests;
				PRODUCT_NAME = "$(TARGET_NAME)";
				SWIFT_VERSION = 3.0;
				TARGETED_DEVICE_FAMILY = "1,2";
				TEST_HOST = "$(BUILT_PRODUCTS_DIR)/calculator.app/calculator";
			};
			name = Release;
		};
		E74E81B61DD1FD220046E0DB /* Debug */ = {
			isa = XCBuildConfiguration;
			buildSettings = {
				ALWAYS_SEARCH_USER_PATHS = NO;
				CLANG_ANALYZER_NONNULL = YES;
				CLANG_CXX_LANGUAGE_STANDARD = "gnu++0x";
				CLANG_CXX_LIBRARY = "libc++";
				CLANG_ENABLE_MODULES = YES;
				CLANG_ENABLE_OBJC_ARC = YES;
				CLANG_WARN_BOOL_CONVERSION = YES;
				CLANG_WARN_CONSTANT_CONVERSION = YES;
				CLANG_WARN_DIRECT_OBJC_ISA_USAGE = YES_ERROR;
				CLANG_WARN_DOCUMENTATION_COMMENTS = YES;
				CLANG_WARN_EMPTY_BODY = YES;
				CLANG_WARN_ENUM_CONVERSION = YES;
				CLANG_WARN_INFINITE_RECURSION = YES;
				CLANG_WARN_INT_CONVERSION = YES;
				CLANG_WARN_OBJC_ROOT_CLASS = YES_ERROR;
				CLANG_WARN_SUSPICIOUS_MOVES = YES;
				CLANG_WARN_UNREACHABLE_CODE = YES;
				CLANG_WARN__DUPLICATE_METHOD_MATCH = YES;
				"CODE_SIGN_IDENTITY[sdk=iphoneos*]" = "iPhone Developer";
				COPY_PHASE_STRIP = NO;
				DEBUG_INFORMATION_FORMAT = dwarf;
				ENABLE_STRICT_OBJC_MSGSEND = YES;
				ENABLE_TESTABILITY = YES;
				GCC_C_LANGUAGE_STANDARD = gnu99;
				GCC_DYNAMIC_NO_PIC = NO;
				GCC_NO_COMMON_BLOCKS = YES;
				GCC_OPTIMIZATION_LEVEL = 0;
				GCC_PREPROCESSOR_DEFINITIONS = (
					"DEBUG=1",
					"$(inherited)",
				);
				GCC_WARN_64_TO_32_BIT_CONVERSION = YES;
				GCC_WARN_ABOUT_RETURN_TYPE = YES_ERROR;
				GCC_WARN_UNDECLARED_SELECTOR = YES;
				GCC_WARN_UNINITIALIZED_AUTOS = YES_AGGRESSIVE;
				GCC_WARN_UNUSED_FUNCTION = YES;
				GCC_WARN_UNUSED_VARIABLE = YES;
				IPHONEOS_DEPLOYMENT_TARGET = 9.0;
				MTL_ENABLE_DEBUG_INFO = YES;
				ONLY_ACTIVE_ARCH = YES;
				SDKROOT = iphoneos;
				SWIFT_ACTIVE_COMPILATION_CONDITIONS = DEBUG;
				SWIFT_OPTIMIZATION_LEVEL = "-Onone";
			};
			name = Debug;
		};
		E74E81B71DD1FD220046E0DB /* Release */ = {
			isa = XCBuildConfiguration;
			buildSettings = {
				ALWAYS_SEARCH_USER_PATHS = NO;
				CLANG_ANALYZER_NONNULL = YES;
				CLANG_CXX_LANGUAGE_STANDARD = "gnu++0x";
				CLANG_CXX_LIBRARY = "libc++";
				CLANG_ENABLE_MODULES = YES;
				CLANG_ENABLE_OBJC_ARC = YES;
				CLANG_WARN_BOOL_CONVERSION = YES;
				CLANG_WARN_CONSTANT_CONVERSION = YES;
				CLANG_WARN_DIRECT_OBJC_ISA_USAGE = YES_ERROR;
				CLANG_WARN_DOCUMENTATION_COMMENTS = YES;
				CLANG_WARN_EMPTY_BODY = YES;
				CLANG_WARN_ENUM_CONVERSION = YES;
				CLANG_WARN_INFINITE_RECURSION = YES;
				CLANG_WARN_INT_CONVERSION = YES;
				CLANG_WARN_OBJC_ROOT_CLASS = YES_ERROR;
				CLANG_WARN_SUSPICIOUS_MOVES = YES;
				CLANG_WARN_UNREACHABLE_CODE = YES;
				CLANG_WARN__DUPLICATE_METHOD_MATCH = YES;
				"CODE_SIGN_IDENTITY[sdk=iphoneos*]" = "iPhone Developer";
				COPY_PHASE_STRIP = NO;
				DEBUG_INFORMATION_FORMAT = "dwarf-with-dsym";
				ENABLE_NS_ASSERTIONS = NO;
				ENABLE_STRICT_OBJC_MSGSEND = YES;
				GCC_C_LANGUAGE_STANDARD = gnu99;
				GCC_NO_COMMON_BLOCKS = YES;
				GCC_WARN_64_TO_32_BIT_CONVERSION = YES;
				GCC_WARN_ABOUT_RETURN_TYPE = YES_ERROR;
				GCC_WARN_UNDECLARED_SELECTOR = YES;
				GCC_WARN_UNINITIALIZED_AUTOS = YES_AGGRESSIVE;
				GCC_WARN_UNUSED_FUNCTION = YES;
				GCC_WARN_UNUSED_VARIABLE = YES;
				IPHONEOS_DEPLOYMENT_TARGET = 9.0;
				MTL_ENABLE_DEBUG_INFO = NO;
				SDKROOT = iphoneos;
				SWIFT_OPTIMIZATION_LEVEL = "-Owholemodule";
				VALIDATE_PRODUCT = YES;
			};
			name = Release;
		};
		E74E81B91DD1FD220046E0DB /* Debug */ = {
			isa = XCBuildConfiguration;
			buildSettings = {
				ASSETCATALOG_COMPILER_APPICON_NAME = AppIcon;
				"CODE_SIGN_IDENTITY[sdk=iphoneos*]" = "iPhone Developer";
				DEVELOPMENT_TEAM = N9HW7DB6H4;
				INFOPLIST_FILE = calculator/Info.plist;
				IPHONEOS_DEPLOYMENT_TARGET = 10.0;
				LD_RUNPATH_SEARCH_PATHS = "$(inherited) @executable_path/Frameworks";
				PRODUCT_BUNDLE_IDENTIFIER = com.petri.calculator.calculator;
				PRODUCT_NAME = "$(TARGET_NAME)";
				SWIFT_VERSION = 3.0;
				TARGETED_DEVICE_FAMILY = "1,2";
			};
			name = Debug;
		};
		E74E81BA1DD1FD220046E0DB /* Release */ = {
			isa = XCBuildConfiguration;
			buildSettings = {
				ASSETCATALOG_COMPILER_APPICON_NAME = AppIcon;
				"CODE_SIGN_IDENTITY[sdk=iphoneos*]" = "iPhone Developer";
				DEVELOPMENT_TEAM = N9HW7DB6H4;
				ENABLE_TESTABILITY = YES;
				INFOPLIST_FILE = calculator/Info.plist;
				IPHONEOS_DEPLOYMENT_TARGET = 10.0;
				LD_RUNPATH_SEARCH_PATHS = "$(inherited) @executable_path/Frameworks";
				PRODUCT_BUNDLE_IDENTIFIER = com.petri.calculator.calculator;
				PRODUCT_NAME = "$(TARGET_NAME)";
				SWIFT_VERSION = 3.0;
				TARGETED_DEVICE_FAMILY = "1,2";
			};
			name = Release;
		};
		E74E81BF1DD1FD220046E0DB /* Debug */ = {
			isa = XCBuildConfiguration;
			buildSettings = {
				ALWAYS_EMBED_SWIFT_STANDARD_LIBRARIES = YES;
				DEVELOPMENT_TEAM = N9HW7DB6H4;
				INFOPLIST_FILE = calculatorUITests/Info.plist;
				LD_RUNPATH_SEARCH_PATHS = "$(inherited) @executable_path/Frameworks @loader_path/Frameworks";
				PRODUCT_BUNDLE_IDENTIFIER = com.petri.calculator.calculatorUITests;
				PRODUCT_NAME = "$(TARGET_NAME)";
				SWIFT_VERSION = 3.0;
				TEST_TARGET_NAME = calculator;
			};
			name = Debug;
		};
		E74E81C01DD1FD220046E0DB /* Release */ = {
			isa = XCBuildConfiguration;
			buildSettings = {
				ALWAYS_EMBED_SWIFT_STANDARD_LIBRARIES = YES;
				DEVELOPMENT_TEAM = N9HW7DB6H4;
				INFOPLIST_FILE = calculatorUITests/Info.plist;
				LD_RUNPATH_SEARCH_PATHS = "$(inherited) @executable_path/Frameworks @loader_path/Frameworks";
				PRODUCT_BUNDLE_IDENTIFIER = com.petri.calculator.calculatorUITests;
				PRODUCT_NAME = "$(TARGET_NAME)";
				SWIFT_VERSION = 3.0;
				TEST_TARGET_NAME = calculator;
			};
			name = Release;
		};
/* End XCBuildConfiguration section */

/* Begin XCConfigurationList section */
		CB4420031DFE9A1000307CFF /* Build configuration list for PBXNativeTarget "calculatorTests" */ = {
			isa = XCConfigurationList;
			buildConfigurations = (
				CB4420041DFE9A1000307CFF /* Debug */,
				CB4420051DFE9A1000307CFF /* Release */,
			);
			defaultConfigurationIsVisible = 0;
			defaultConfigurationName = Release;
		};
		E74E818B1DD1FD210046E0DB /* Build configuration list for PBXProject "calculator" */ = {
			isa = XCConfigurationList;
			buildConfigurations = (
				E74E81B61DD1FD220046E0DB /* Debug */,
				E74E81B71DD1FD220046E0DB /* Release */,
			);
			defaultConfigurationIsVisible = 0;
			defaultConfigurationName = Release;
		};
		E74E81B81DD1FD220046E0DB /* Build configuration list for PBXNativeTarget "calculator" */ = {
			isa = XCConfigurationList;
			buildConfigurations = (
				E74E81B91DD1FD220046E0DB /* Debug */,
				E74E81BA1DD1FD220046E0DB /* Release */,
			);
			defaultConfigurationIsVisible = 0;
			defaultConfigurationName = Release;
		};
		E74E81BE1DD1FD220046E0DB /* Build configuration list for PBXNativeTarget "calculatorUITests" */ = {
			isa = XCConfigurationList;
			buildConfigurations = (
				E74E81BF1DD1FD220046E0DB /* Debug */,
				E74E81C01DD1FD220046E0DB /* Release */,
			);
			defaultConfigurationIsVisible = 0;
			defaultConfigurationName = Release;
		};
/* End XCConfigurationList section */
	};
	rootObject = E74E81881DD1FD210046E0DB /* Project object */;
}
